
Microsoft Visual Studio Solution File, Format Version 12.00
# Visual Studio Version 17
VisualStudioVersion = 17.2.32519.379
MinimumVisualStudioVersion = 10.0.40219.1
Project("{9A19103F-16F7-4668-BE54-9A1E7A4F7556}") = "SalesWebMvc", "SalesWebMvc\SalesWebMvc.csproj", "{6C5A60A0-CF0D-4115-971D-27730772918F}"
EndProject
Global
	GlobalSection(SolutionConfigurationPlatforms) = preSolution
		Debug|Any CPU = Debug|Any CPU
		Release|Any CPU = Release|Any CPU
	EndGlobalSection
	GlobalSection(ProjectConfigurationPlatforms) = postSolution
		{6C5A60A0-CF0D-4115-971D-27730772918F}.Debug|Any CPU.ActiveCfg = Debug|Any CPU
		{6C5A60A0-CF0D-4115-971D-27730772918F}.Debug|Any CPU.Build.0 = Debug|Any CPU
		{6C5A60A0-CF0D-4115-971D-27730772918F}.Release|Any CPU.ActiveCfg = Release|Any CPU
		{6C5A60A0-CF0D-4115-971D-27730772918F}.Release|Any CPU.Build.0 = Release|Any CPU
	EndGlobalSection
	GlobalSection(SolutionProperties) = preSolution
		HideSolutionNode = FALSE
	EndGlobalSection
	GlobalSection(ExtensibilityGlobals) = postSolution
		SolutionGuid = {0FFFC34B-B765-4113-9CF9-80F1F644273E}
	EndGlobalSection
EndGlobal
